// !$*UTF8*$!
{
	archiveVersion = 1;
	classes = {
	};
	objectVersion = 51;
	objects = {

/* Begin PBXBuildFile section */
		1C50E6E992E750810CA347A2 /* Pods_30_Seconds.framework in Frameworks */ = {isa = PBXBuildFile; fileRef = 9EC2238E02F8032AF5FD9609 /* Pods_30_Seconds.framework */; };
		45C68EA42512475A00BF8BB6 /* AppDelegate.swift in Sources */ = {isa = PBXBuildFile; fileRef = 45C68EA32512475A00BF8BB6 /* AppDelegate.swift */; };
		45C68EA62512475A00BF8BB6 /* SceneDelegate.swift in Sources */ = {isa = PBXBuildFile; fileRef = 45C68EA52512475A00BF8BB6 /* SceneDelegate.swift */; };
		45C68EA82512475A00BF8BB6 /* ViewController.swift in Sources */ = {isa = PBXBuildFile; fileRef = 45C68EA72512475A00BF8BB6 /* ViewController.swift */; };
		45C68EAB2512475A00BF8BB6 /* Main.storyboard in Resources */ = {isa = PBXBuildFile; fileRef = 45C68EA92512475A00BF8BB6 /* Main.storyboard */; };
		45C68EAD2512475B00BF8BB6 /* Assets.xcassets in Resources */ = {isa = PBXBuildFile; fileRef = 45C68EAC2512475B00BF8BB6 /* Assets.xcassets */; };
		45C68EB02512475B00BF8BB6 /* LaunchScreen.storyboard in Resources */ = {isa = PBXBuildFile; fileRef = 45C68EAE2512475B00BF8BB6 /* LaunchScreen.storyboard */; };
		45C68EBB2512475B00BF8BB6 /* _0_SecondsTests.swift in Sources */ = {isa = PBXBuildFile; fileRef = 45C68EBA2512475B00BF8BB6 /* _0_SecondsTests.swift */; };
		45C68EC82512498E00BF8BB6 /* SelectionViewModel.swift in Sources */ = {isa = PBXBuildFile; fileRef = 45C68EC72512498E00BF8BB6 /* SelectionViewModel.swift */; };
		E542C9D85B1C9E7B9F95B341 /* Pods_30_SecondsTests.framework in Frameworks */ = {isa = PBXBuildFile; fileRef = 0548E90C5D755C35725BCCBD /* Pods_30_SecondsTests.framework */; };
/* End PBXBuildFile section */

/* Begin PBXContainerItemProxy section */
		45C68EB72512475B00BF8BB6 /* PBXContainerItemProxy */ = {
			isa = PBXContainerItemProxy;
			containerPortal = 45C68E982512475A00BF8BB6 /* Project object */;
			proxyType = 1;
			remoteGlobalIDString = 45C68E9F2512475A00BF8BB6;
			remoteInfo = "30 Seconds";
		};
/* End PBXContainerItemProxy section */

/* Begin PBXFileReference section */
		0548E90C5D755C35725BCCBD /* Pods_30_SecondsTests.framework */ = {isa = PBXFileReference; explicitFileType = wrapper.framework; includeInIndex = 0; path = Pods_30_SecondsTests.framework; sourceTree = BUILT_PRODUCTS_DIR; };
		104796DEE25DC70E9EF27450 /* Pods-30 SecondsTests.release.xcconfig */ = {isa = PBXFileReference; includeInIndex = 1; lastKnownFileType = text.xcconfig; name = "Pods-30 SecondsTests.release.xcconfig"; path = "Target Support Files/Pods-30 SecondsTests/Pods-30 SecondsTests.release.xcconfig"; sourceTree = "<group>"; };
		1661B4AB205EE97017A7070E /* Pods-30 Seconds.debug.xcconfig */ = {isa = PBXFileReference; includeInIndex = 1; lastKnownFileType = text.xcconfig; name = "Pods-30 Seconds.debug.xcconfig"; path = "Target Support Files/Pods-30 Seconds/Pods-30 Seconds.debug.xcconfig"; sourceTree = "<group>"; };
		45C68EA02512475A00BF8BB6 /* 30 Seconds.app */ = {isa = PBXFileReference; explicitFileType = wrapper.application; includeInIndex = 0; path = "30 Seconds.app"; sourceTree = BUILT_PRODUCTS_DIR; };
		45C68EA32512475A00BF8BB6 /* AppDelegate.swift */ = {isa = PBXFileReference; lastKnownFileType = sourcecode.swift; path = AppDelegate.swift; sourceTree = "<group>"; };
		45C68EA52512475A00BF8BB6 /* SceneDelegate.swift */ = {isa = PBXFileReference; lastKnownFileType = sourcecode.swift; path = SceneDelegate.swift; sourceTree = "<group>"; };
		45C68EA72512475A00BF8BB6 /* ViewController.swift */ = {isa = PBXFileReference; lastKnownFileType = sourcecode.swift; path = ViewController.swift; sourceTree = "<group>"; };
		45C68EAA2512475A00BF8BB6 /* Base */ = {isa = PBXFileReference; lastKnownFileType = file.storyboard; name = Base; path = Base.lproj/Main.storyboard; sourceTree = "<group>"; };
		45C68EAC2512475B00BF8BB6 /* Assets.xcassets */ = {isa = PBXFileReference; lastKnownFileType = folder.assetcatalog; path = Assets.xcassets; sourceTree = "<group>"; };
		45C68EAF2512475B00BF8BB6 /* Base */ = {isa = PBXFileReference; lastKnownFileType = file.storyboard; name = Base; path = Base.lproj/LaunchScreen.storyboard; sourceTree = "<group>"; };
		45C68EB12512475B00BF8BB6 /* Info.plist */ = {isa = PBXFileReference; lastKnownFileType = text.plist.xml; path = Info.plist; sourceTree = "<group>"; };
		45C68EB62512475B00BF8BB6 /* 30 SecondsTests.xctest */ = {isa = PBXFileReference; explicitFileType = wrapper.cfbundle; includeInIndex = 0; path = "30 SecondsTests.xctest"; sourceTree = BUILT_PRODUCTS_DIR; };
		45C68EBA2512475B00BF8BB6 /* _0_SecondsTests.swift */ = {isa = PBXFileReference; lastKnownFileType = sourcecode.swift; path = _0_SecondsTests.swift; sourceTree = "<group>"; };
		45C68EBC2512475B00BF8BB6 /* Info.plist */ = {isa = PBXFileReference; lastKnownFileType = text.plist.xml; path = Info.plist; sourceTree = "<group>"; };
		45C68EC72512498E00BF8BB6 /* SelectionViewModel.swift */ = {isa = PBXFileReference; lastKnownFileType = sourcecode.swift; path = SelectionViewModel.swift; sourceTree = "<group>"; };
		9EC2238E02F8032AF5FD9609 /* Pods_30_Seconds.framework */ = {isa = PBXFileReference; explicitFileType = wrapper.framework; includeInIndex = 0; path = Pods_30_Seconds.framework; sourceTree = BUILT_PRODUCTS_DIR; };
		E6DE1AFDA41457A5AC7C45D7 /* Pods-30 Seconds.release.xcconfig */ = {isa = PBXFileReference; includeInIndex = 1; lastKnownFileType = text.xcconfig; name = "Pods-30 Seconds.release.xcconfig"; path = "Target Support Files/Pods-30 Seconds/Pods-30 Seconds.release.xcconfig"; sourceTree = "<group>"; };
		E719D67C117F4610AD3C6F51 /* Pods-30 SecondsTests.debug.xcconfig */ = {isa = PBXFileReference; includeInIndex = 1; lastKnownFileType = text.xcconfig; name = "Pods-30 SecondsTests.debug.xcconfig"; path = "Target Support Files/Pods-30 SecondsTests/Pods-30 SecondsTests.debug.xcconfig"; sourceTree = "<group>"; };
/* End PBXFileReference section */

/* Begin PBXFrameworksBuildPhase section */
		45C68E9D2512475A00BF8BB6 /* Frameworks */ = {
			isa = PBXFrameworksBuildPhase;
			buildActionMask = 2147483647;
			files = (
				1C50E6E992E750810CA347A2 /* Pods_30_Seconds.framework in Frameworks */,
			);
			runOnlyForDeploymentPostprocessing = 0;
		};
		45C68EB32512475B00BF8BB6 /* Frameworks */ = {
			isa = PBXFrameworksBuildPhase;
			buildActionMask = 2147483647;
			files = (
				E542C9D85B1C9E7B9F95B341 /* Pods_30_SecondsTests.framework in Frameworks */,
			);
			runOnlyForDeploymentPostprocessing = 0;
		};
/* End PBXFrameworksBuildPhase section */

/* Begin PBXGroup section */
		45C68E972512475A00BF8BB6 = {
			isa = PBXGroup;
			children = (
				45C68EA22512475A00BF8BB6 /* 30 Seconds */,
				45C68EB92512475B00BF8BB6 /* 30 SecondsTests */,
				45C68EA12512475A00BF8BB6 /* Products */,
				E764C416C640663AA095CB85 /* Pods */,
				F8F7D5504E324C036CBF0D43 /* Frameworks */,
			);
			sourceTree = "<group>";
		};
		45C68EA12512475A00BF8BB6 /* Products */ = {
			isa = PBXGroup;
			children = (
				45C68EA02512475A00BF8BB6 /* 30 Seconds.app */,
				45C68EB62512475B00BF8BB6 /* 30 SecondsTests.xctest */,
			);
			name = Products;
			sourceTree = "<group>";
		};
		45C68EA22512475A00BF8BB6 /* 30 Seconds */ = {
			isa = PBXGroup;
			children = (
				45C68EC62512495D00BF8BB6 /* Player */,
				45C68EC52512493300BF8BB6 /* Selection */,
				45C68EA32512475A00BF8BB6 /* AppDelegate.swift */,
				45C68EA52512475A00BF8BB6 /* SceneDelegate.swift */,
				45C68EA92512475A00BF8BB6 /* Main.storyboard */,
				45C68EAC2512475B00BF8BB6 /* Assets.xcassets */,
				45C68EAE2512475B00BF8BB6 /* LaunchScreen.storyboard */,
				45C68EB12512475B00BF8BB6 /* Info.plist */,
			);
			path = "30 Seconds";
			sourceTree = "<group>";
		};
		45C68EB92512475B00BF8BB6 /* 30 SecondsTests */ = {
			isa = PBXGroup;
			children = (
				45C68EBA2512475B00BF8BB6 /* _0_SecondsTests.swift */,
				45C68EBC2512475B00BF8BB6 /* Info.plist */,
			);
			path = "30 SecondsTests";
			sourceTree = "<group>";
		};
		45C68EC52512493300BF8BB6 /* Selection */ = {
			isa = PBXGroup;
			children = (
				45C68EA72512475A00BF8BB6 /* ViewController.swift */,
				45C68EC72512498E00BF8BB6 /* SelectionViewModel.swift */,
			);
			path = Selection;
			sourceTree = "<group>";
		};
		45C68EC62512495D00BF8BB6 /* Player */ = {
			isa = PBXGroup;
			children = (
			);
			path = Player;
			sourceTree = "<group>";
		};
		E764C416C640663AA095CB85 /* Pods */ = {
			isa = PBXGroup;
			children = (
				1661B4AB205EE97017A7070E /* Pods-30 Seconds.debug.xcconfig */,
				E6DE1AFDA41457A5AC7C45D7 /* Pods-30 Seconds.release.xcconfig */,
				E719D67C117F4610AD3C6F51 /* Pods-30 SecondsTests.debug.xcconfig */,
				104796DEE25DC70E9EF27450 /* Pods-30 SecondsTests.release.xcconfig */,
			);
			path = Pods;
			sourceTree = "<group>";
		};
		F8F7D5504E324C036CBF0D43 /* Frameworks */ = {
			isa = PBXGroup;
			children = (
				9EC2238E02F8032AF5FD9609 /* Pods_30_Seconds.framework */,
				0548E90C5D755C35725BCCBD /* Pods_30_SecondsTests.framework */,
			);
			name = Frameworks;
			sourceTree = "<group>";
		};
/* End PBXGroup section */

/* Begin PBXNativeTarget section */
		45C68E9F2512475A00BF8BB6 /* 30 Seconds */ = {
			isa = PBXNativeTarget;
			buildConfigurationList = 45C68EBF2512475B00BF8BB6 /* Build configuration list for PBXNativeTarget "30 Seconds" */;
			buildPhases = (
				1DCFFF9BAA04E7E83C0F8945 /* [CP] Check Pods Manifest.lock */,
				45C68E9C2512475A00BF8BB6 /* Sources */,
				45C68E9D2512475A00BF8BB6 /* Frameworks */,
				45C68E9E2512475A00BF8BB6 /* Resources */,
				1C3DF77D7C9350FB6875EB6D /* [CP] Embed Pods Frameworks */,
			);
			buildRules = (
			);
			dependencies = (
			);
			name = "30 Seconds";
			productName = "30 Seconds";
			productReference = 45C68EA02512475A00BF8BB6 /* 30 Seconds.app */;
			productType = "com.apple.product-type.application";
		};
		45C68EB52512475B00BF8BB6 /* 30 SecondsTests */ = {
			isa = PBXNativeTarget;
			buildConfigurationList = 45C68EC22512475B00BF8BB6 /* Build configuration list for PBXNativeTarget "30 SecondsTests" */;
			buildPhases = (
				1CF3EB89D793416E520737B6 /* [CP] Check Pods Manifest.lock */,
				45C68EB22512475B00BF8BB6 /* Sources */,
				45C68EB32512475B00BF8BB6 /* Frameworks */,
				45C68EB42512475B00BF8BB6 /* Resources */,
			);
			buildRules = (
			);
			dependencies = (
				45C68EB82512475B00BF8BB6 /* PBXTargetDependency */,
			);
			name = "30 SecondsTests";
			productName = "30 SecondsTests";
			productReference = 45C68EB62512475B00BF8BB6 /* 30 SecondsTests.xctest */;
			productType = "com.apple.product-type.bundle.unit-test";
		};
/* End PBXNativeTarget section */

/* Begin PBXProject section */
		45C68E982512475A00BF8BB6 /* Project object */ = {
			isa = PBXProject;
			attributes = {
				LastSwiftUpdateCheck = 1160;
				LastUpgradeCheck = 1160;
				ORGANIZATIONNAME = "Dwi Putra";
				TargetAttributes = {
					45C68E9F2512475A00BF8BB6 = {
						CreatedOnToolsVersion = 11.6;
					};
					45C68EB52512475B00BF8BB6 = {
						CreatedOnToolsVersion = 11.6;
						TestTargetID = 45C68E9F2512475A00BF8BB6;
					};
				};
			};
			buildConfigurationList = 45C68E9B2512475A00BF8BB6 /* Build configuration list for PBXProject "30 Seconds" */;
			compatibilityVersion = "Xcode 9.3";
			developmentRegion = en;
			hasScannedForEncodings = 0;
			knownRegions = (
				en,
				Base,
			);
			mainGroup = 45C68E972512475A00BF8BB6;
			productRefGroup = 45C68EA12512475A00BF8BB6 /* Products */;
			projectDirPath = "";
			projectRoot = "";
			targets = (
				45C68E9F2512475A00BF8BB6 /* 30 Seconds */,
				45C68EB52512475B00BF8BB6 /* 30 SecondsTests */,
			);
		};
/* End PBXProject section */

/* Begin PBXResourcesBuildPhase section */
		45C68E9E2512475A00BF8BB6 /* Resources */ = {
			isa = PBXResourcesBuildPhase;
			buildActionMask = 2147483647;
			files = (
				45C68EB02512475B00BF8BB6 /* LaunchScreen.storyboard in Resources */,
				45C68EAD2512475B00BF8BB6 /* Assets.xcassets in Resources */,
				45C68EAB2512475A00BF8BB6 /* Main.storyboard in Resources */,
			);
			runOnlyForDeploymentPostprocessing = 0;
		};
		45C68EB42512475B00BF8BB6 /* Resources */ = {
			isa = PBXResourcesBuildPhase;
			buildActionMask = 2147483647;
			files = (
			);
			runOnlyForDeploymentPostprocessing = 0;
		};
/* End PBXResourcesBuildPhase section */

/* Begin PBXShellScriptBuildPhase section */
		1C3DF77D7C9350FB6875EB6D /* [CP] Embed Pods Frameworks */ = {
			isa = PBXShellScriptBuildPhase;
			buildActionMask = 2147483647;
			files = (
			);
			inputFileListPaths = (
				"${PODS_ROOT}/Target Support Files/Pods-30 Seconds/Pods-30 Seconds-frameworks-${CONFIGURATION}-input-files.xcfilelist",
			);
			name = "[CP] Embed Pods Frameworks";
			outputFileListPaths = (
				"${PODS_ROOT}/Target Support Files/Pods-30 Seconds/Pods-30 Seconds-frameworks-${CONFIGURATION}-output-files.xcfilelist",
			);
			runOnlyForDeploymentPostprocessing = 0;
			shellPath = /bin/sh;
			shellScript = "\"${PODS_ROOT}/Target Support Files/Pods-30 Seconds/Pods-30 Seconds-frameworks.sh\"\n";
			showEnvVarsInLog = 0;
		};
		1CF3EB89D793416E520737B6 /* [CP] Check Pods Manifest.lock */ = {
			isa = PBXShellScriptBuildPhase;
			buildActionMask = 2147483647;
			files = (
			);
			inputFileListPaths = (
			);
			inputPaths = (
				"${PODS_PODFILE_DIR_PATH}/Podfile.lock",
				"${PODS_ROOT}/Manifest.lock",
			);
			name = "[CP] Check Pods Manifest.lock";
			outputFileListPaths = (
			);
			outputPaths = (
				"$(DERIVED_FILE_DIR)/Pods-30 SecondsTests-checkManifestLockResult.txt",
			);
			runOnlyForDeploymentPostprocessing = 0;
			shellPath = /bin/sh;
			shellScript = "diff \"${PODS_PODFILE_DIR_PATH}/Podfile.lock\" \"${PODS_ROOT}/Manifest.lock\" > /dev/null\nif [ $? != 0 ] ; then\n    # print error to STDERR\n    echo \"error: The sandbox is not in sync with the Podfile.lock. Run 'pod install' or update your CocoaPods installation.\" >&2\n    exit 1\nfi\n# This output is used by Xcode 'outputs' to avoid re-running this script phase.\necho \"SUCCESS\" > \"${SCRIPT_OUTPUT_FILE_0}\"\n";
			showEnvVarsInLog = 0;
		};
		1DCFFF9BAA04E7E83C0F8945 /* [CP] Check Pods Manifest.lock */ = {
			isa = PBXShellScriptBuildPhase;
			buildActionMask = 2147483647;
			files = (
			);
			inputFileListPaths = (
			);
			inputPaths = (
				"${PODS_PODFILE_DIR_PATH}/Podfile.lock",
				"${PODS_ROOT}/Manifest.lock",
			);
			name = "[CP] Check Pods Manifest.lock";
			outputFileListPaths = (
			);
			outputPaths = (
				"$(DERIVED_FILE_DIR)/Pods-30 Seconds-checkManifestLockResult.txt",
			);
			runOnlyForDeploymentPostprocessing = 0;
			shellPath = /bin/sh;
			shellScript = "diff \"${PODS_PODFILE_DIR_PATH}/Podfile.lock\" \"${PODS_ROOT}/Manifest.lock\" > /dev/null\nif [ $? != 0 ] ; then\n    # print error to STDERR\n    echo \"error: The sandbox is not in sync with the Podfile.lock. Run 'pod install' or update your CocoaPods installation.\" >&2\n    exit 1\nfi\n# This output is used by Xcode 'outputs' to avoid re-running this script phase.\necho \"SUCCESS\" > \"${SCRIPT_OUTPUT_FILE_0}\"\n";
			showEnvVarsInLog = 0;
		};
/* End PBXShellScriptBuildPhase section */

/* Begin PBXSourcesBuildPhase section */
		45C68E9C2512475A00BF8BB6 /* Sources */ = {
			isa = PBXSourcesBuildPhase;
			buildActionMask = 2147483647;
			files = (
				45C68EA82512475A00BF8BB6 /* ViewController.swift in Sources */,
				45C68EC82512498E00BF8BB6 /* SelectionViewModel.swift in Sources */,
				45C68EA42512475A00BF8BB6 /* AppDelegate.swift in Sources */,
				45C68EA62512475A00BF8BB6 /* SceneDelegate.swift in Sources */,
			);
			runOnlyForDeploymentPostprocessing = 0;
		};
		45C68EB22512475B00BF8BB6 /* Sources */ = {
			isa = PBXSourcesBuildPhase;
			buildActionMask = 2147483647;
			files = (
				45C68EBB2512475B00BF8BB6 /* _0_SecondsTests.swift in Sources */,
			);
			runOnlyForDeploymentPostprocessing = 0;
		};
/* End PBXSourcesBuildPhase section */

/* Begin PBXTargetDependency section */
		45C68EB82512475B00BF8BB6 /* PBXTargetDependency */ = {
			isa = PBXTargetDependency;
			target = 45C68E9F2512475A00BF8BB6 /* 30 Seconds */;
			targetProxy = 45C68EB72512475B00BF8BB6 /* PBXContainerItemProxy */;
		};
/* End PBXTargetDependency section */

/* Begin PBXVariantGroup section */
		45C68EA92512475A00BF8BB6 /* Main.storyboard */ = {
			isa = PBXVariantGroup;
			children = (
				45C68EAA2512475A00BF8BB6 /* Base */,
			);
			name = Main.storyboard;
			sourceTree = "<group>";
		};
		45C68EAE2512475B00BF8BB6 /* LaunchScreen.storyboard */ = {
			isa = PBXVariantGroup;
			children = (
				45C68EAF2512475B00BF8BB6 /* Base */,
			);
			name = LaunchScreen.storyboard;
			sourceTree = "<group>";
		};
/* End PBXVariantGroup section */

/* Begin XCBuildConfiguration section */
		45C68EBD2512475B00BF8BB6 /* Debug */ = {
			isa = XCBuildConfiguration;
			buildSettings = {
				ALWAYS_SEARCH_USER_PATHS = NO;
				CLANG_ANALYZER_NONNULL = YES;
				CLANG_ANALYZER_NUMBER_OBJECT_CONVERSION = YES_AGGRESSIVE;
				CLANG_CXX_LANGUAGE_STANDARD = "gnu++14";
				CLANG_CXX_LIBRARY = "libc++";
				CLANG_ENABLE_MODULES = YES;
				CLANG_ENABLE_OBJC_ARC = YES;
				CLANG_ENABLE_OBJC_WEAK = YES;
				CLANG_WARN_BLOCK_CAPTURE_AUTORELEASING = YES;
				CLANG_WARN_BOOL_CONVERSION = YES;
				CLANG_WARN_COMMA = YES;
				CLANG_WARN_CONSTANT_CONVERSION = YES;
				CLANG_WARN_DEPRECATED_OBJC_IMPLEMENTATIONS = YES;
				CLANG_WARN_DIRECT_OBJC_ISA_USAGE = YES_ERROR;
				CLANG_WARN_DOCUMENTATION_COMMENTS = YES;
				CLANG_WARN_EMPTY_BODY = YES;
				CLANG_WARN_ENUM_CONVERSION = YES;
				CLANG_WARN_INFINITE_RECURSION = YES;
				CLANG_WARN_INT_CONVERSION = YES;
				CLANG_WARN_NON_LITERAL_NULL_CONVERSION = YES;
				CLANG_WARN_OBJC_IMPLICIT_RETAIN_SELF = YES;
				CLANG_WARN_OBJC_LITERAL_CONVERSION = YES;
				CLANG_WARN_OBJC_ROOT_CLASS = YES_ERROR;
				CLANG_WARN_RANGE_LOOP_ANALYSIS = YES;
				CLANG_WARN_STRICT_PROTOTYPES = YES;
				CLANG_WARN_SUSPICIOUS_MOVE = YES;
				CLANG_WARN_UNGUARDED_AVAILABILITY = YES_AGGRESSIVE;
				CLANG_WARN_UNREACHABLE_CODE = YES;
				CLANG_WARN__DUPLICATE_METHOD_MATCH = YES;
				COPY_PHASE_STRIP = NO;
				DEBUG_INFORMATION_FORMAT = dwarf;
				ENABLE_STRICT_OBJC_MSGSEND = YES;
				ENABLE_TESTABILITY = YES;
				GCC_C_LANGUAGE_STANDARD = gnu11;
				GCC_DYNAMIC_NO_PIC = NO;
				GCC_NO_COMMON_BLOCKS = YES;
				GCC_OPTIMIZATION_LEVEL = 0;
				GCC_PREPROCESSOR_DEFINITIONS = (
					"DEBUG=1",
					"$(inherited)",
				);
				GCC_WARN_64_TO_32_BIT_CONVERSION = YES;
				GCC_WARN_ABOUT_RETURN_TYPE = YES_ERROR;
				GCC_WARN_UNDECLARED_SELECTOR = YES;
				GCC_WARN_UNINITIALIZED_AUTOS = YES_AGGRESSIVE;
				GCC_WARN_UNUSED_FUNCTION = YES;
				GCC_WARN_UNUSED_VARIABLE = YES;
				IPHONEOS_DEPLOYMENT_TARGET = 13.6;
				MTL_ENABLE_DEBUG_INFO = INCLUDE_SOURCE;
				MTL_FAST_MATH = YES;
				ONLY_ACTIVE_ARCH = YES;
				SDKROOT = iphoneos;
				SWIFT_ACTIVE_COMPILATION_CONDITIONS = DEBUG;
				SWIFT_OPTIMIZATION_LEVEL = "-Onone";
			};
			name = Debug;
		};
		45C68EBE2512475B00BF8BB6 /* Release */ = {
			isa = XCBuildConfiguration;
			buildSettings = {
				ALWAYS_SEARCH_USER_PATHS = NO;
				CLANG_ANALYZER_NONNULL = YES;
				CLANG_ANALYZER_NUMBER_OBJECT_CONVERSION = YES_AGGRESSIVE;
				CLANG_CXX_LANGUAGE_STANDARD = "gnu++14";
				CLANG_CXX_LIBRARY = "libc++";
				CLANG_ENABLE_MODULES = YES;
				CLANG_ENABLE_OBJC_ARC = YES;
				CLANG_ENABLE_OBJC_WEAK = YES;
				CLANG_WARN_BLOCK_CAPTURE_AUTORELEASING = YES;
				CLANG_WARN_BOOL_CONVERSION = YES;
				CLANG_WARN_COMMA = YES;
				CLANG_WARN_CONSTANT_CONVERSION = YES;
				CLANG_WARN_DEPRECATED_OBJC_IMPLEMENTATIONS = YES;
				CLANG_WARN_DIRECT_OBJC_ISA_USAGE = YES_ERROR;
				CLANG_WARN_DOCUMENTATION_COMMENTS = YES;
				CLANG_WARN_EMPTY_BODY = YES;
				CLANG_WARN_ENUM_CONVERSION = YES;
				CLANG_WARN_INFINITE_RECURSION = YES;
				CLANG_WARN_INT_CONVERSION = YES;
				CLANG_WARN_NON_LITERAL_NULL_CONVERSION = YES;
				CLANG_WARN_OBJC_IMPLICIT_RETAIN_SELF = YES;
				CLANG_WARN_OBJC_LITERAL_CONVERSION = YES;
				CLANG_WARN_OBJC_ROOT_CLASS = YES_ERROR;
				CLANG_WARN_RANGE_LOOP_ANALYSIS = YES;
				CLANG_WARN_STRICT_PROTOTYPES = YES;
				CLANG_WARN_SUSPICIOUS_MOVE = YES;
				CLANG_WARN_UNGUARDED_AVAILABILITY = YES_AGGRESSIVE;
				CLANG_WARN_UNREACHABLE_CODE = YES;
				CLANG_WARN__DUPLICATE_METHOD_MATCH = YES;
				COPY_PHASE_STRIP = NO;
				DEBUG_INFORMATION_FORMAT = "dwarf-with-dsym";
				ENABLE_NS_ASSERTIONS = NO;
				ENABLE_STRICT_OBJC_MSGSEND = YES;
				GCC_C_LANGUAGE_STANDARD = gnu11;
				GCC_NO_COMMON_BLOCKS = YES;
				GCC_WARN_64_TO_32_BIT_CONVERSION = YES;
				GCC_WARN_ABOUT_RETURN_TYPE = YES_ERROR;
				GCC_WARN_UNDECLARED_SELECTOR = YES;
				GCC_WARN_UNINITIALIZED_AUTOS = YES_AGGRESSIVE;
				GCC_WARN_UNUSED_FUNCTION = YES;
				GCC_WARN_UNUSED_VARIABLE = YES;
				IPHONEOS_DEPLOYMENT_TARGET = 13.6;
				MTL_ENABLE_DEBUG_INFO = NO;
				MTL_FAST_MATH = YES;
				SDKROOT = iphoneos;
				SWIFT_COMPILATION_MODE = wholemodule;
				SWIFT_OPTIMIZATION_LEVEL = "-O";
				VALIDATE_PRODUCT = YES;
			};
			name = Release;
		};
		45C68EC02512475B00BF8BB6 /* Debug */ = {
			isa = XCBuildConfiguration;
			baseConfigurationReference = 1661B4AB205EE97017A7070E /* Pods-30 Seconds.debug.xcconfig */;
			buildSettings = {
				ASSETCATALOG_COMPILER_APPICON_NAME = AppIcon;
				CODE_SIGN_STYLE = Automatic;
				DEVELOPMENT_TEAM = 2RL4G4B6A8;
				INFOPLIST_FILE = "30 Seconds/Info.plist";
				LD_RUNPATH_SEARCH_PATHS = (
					"$(inherited)",
					"@executable_path/Frameworks",
				);
				MARKETING_VERSION = 1.0.0;
				PRODUCT_BUNDLE_IDENTIFIER = proj.thirty.seconds;
				PRODUCT_NAME = "$(TARGET_NAME)";
				SWIFT_VERSION = 5.0;
				TARGETED_DEVICE_FAMILY = 1;
			};
			name = Debug;
		};
		45C68EC12512475B00BF8BB6 /* Release */ = {
			isa = XCBuildConfiguration;
			baseConfigurationReference = E6DE1AFDA41457A5AC7C45D7 /* Pods-30 Seconds.release.xcconfig */;
			buildSettings = {
				ASSETCATALOG_COMPILER_APPICON_NAME = AppIcon;
				CODE_SIGN_STYLE = Automatic;
				DEVELOPMENT_TEAM = 2RL4G4B6A8;
				INFOPLIST_FILE = "30 Seconds/Info.plist";
				LD_RUNPATH_SEARCH_PATHS = (
					"$(inherited)",
					"@executable_path/Frameworks",
				);
				MARKETING_VERSION = 1.0.0;
				PRODUCT_BUNDLE_IDENTIFIER = proj.thirty.seconds;
				PRODUCT_NAME = "$(TARGET_NAME)";
				SWIFT_VERSION = 5.0;
				TARGETED_DEVICE_FAMILY = 1;
			};
			name = Release;
		};
		45C68EC32512475B00BF8BB6 /* Debug */ = {
			isa = XCBuildConfiguration;
			baseConfigurationReference = E719D67C117F4610AD3C6F51 /* Pods-30 SecondsTests.debug.xcconfig */;
			buildSettings = {
				ALWAYS_EMBED_SWIFT_STANDARD_LIBRARIES = YES;
				BUNDLE_LOADER = "$(TEST_HOST)";
				CODE_SIGN_STYLE = Automatic;
				DEVELOPMENT_TEAM = 2RL4G4B6A8;
				INFOPLIST_FILE = "30 SecondsTests/Info.plist";
				IPHONEOS_DEPLOYMENT_TARGET = 13.6;
				LD_RUNPATH_SEARCH_PATHS = (
					"$(inherited)",
					"@executable_path/Frameworks",
					"@loader_path/Frameworks",
				);
				PRODUCT_BUNDLE_IDENTIFIER = "proj.thirty.-0-SecondsTests";
				PRODUCT_NAME = "$(TARGET_NAME)";
				SWIFT_VERSION = 5.0;
				TARGETED_DEVICE_FAMILY = "1,2";
				TEST_HOST = "$(BUILT_PRODUCTS_DIR)/30 Seconds.app/30 Seconds";
			};
			name = Debug;
		};
		45C68EC42512475B00BF8BB6 /* Release */ = {
			isa = XCBuildConfiguration;
			baseConfigurationReference = 104796DEE25DC70E9EF27450 /* Pods-30 SecondsTests.release.xcconfig */;
			buildSettings = {
				ALWAYS_EMBED_SWIFT_STANDARD_LIBRARIES = YES;
				BUNDLE_LOADER = "$(TEST_HOST)";
				CODE_SIGN_STYLE = Automatic;
				DEVELOPMENT_TEAM = 2RL4G4B6A8;
				INFOPLIST_FILE = "30 SecondsTests/Info.plist";
				IPHONEOS_DEPLOYMENT_TARGET = 13.6;
				LD_RUNPATH_SEARCH_PATHS = (
					"$(inherited)",
					"@executable_path/Frameworks",
					"@loader_path/Frameworks",
				);
				PRODUCT_BUNDLE_IDENTIFIER = "proj.thirty.-0-SecondsTests";
				PRODUCT_NAME = "$(TARGET_NAME)";
				SWIFT_VERSION = 5.0;
				TARGETED_DEVICE_FAMILY = "1,2";
				TEST_HOST = "$(BUILT_PRODUCTS_DIR)/30 Seconds.app/30 Seconds";
			};
			name = Release;
		};
/* End XCBuildConfiguration section */

/* Begin XCConfigurationList section */
		45C68E9B2512475A00BF8BB6 /* Build configuration list for PBXProject "30 Seconds" */ = {
			isa = XCConfigurationList;
			buildConfigurations = (
				45C68EBD2512475B00BF8BB6 /* Debug */,
				45C68EBE2512475B00BF8BB6 /* Release */,
			);
			defaultConfigurationIsVisible = 0;
			defaultConfigurationName = Release;
		};
		45C68EBF2512475B00BF8BB6 /* Build configuration list for PBXNativeTarget "30 Seconds" */ = {
			isa = XCConfigurationList;
			buildConfigurations = (
				45C68EC02512475B00BF8BB6 /* Debug */,
				45C68EC12512475B00BF8BB6 /* Release */,
			);
			defaultConfigurationIsVisible = 0;
			defaultConfigurationName = Release;
		};
		45C68EC22512475B00BF8BB6 /* Build configuration list for PBXNativeTarget "30 SecondsTests" */ = {
			isa = XCConfigurationList;
			buildConfigurations = (
				45C68EC32512475B00BF8BB6 /* Debug */,
				45C68EC42512475B00BF8BB6 /* Release */,
			);
			defaultConfigurationIsVisible = 0;
			defaultConfigurationName = Release;
		};
/* End XCConfigurationList section */
	};
	rootObject = 45C68E982512475A00BF8BB6 /* Project object */;
}
